# This file is @generated by PDM.
# It is not intended for manual editing.

[metadata]
groups = ["default"]
strategy = ["cross_platform", "inherit_metadata"]
lock_version = "4.4.1"
content_hash = "sha256:187f4c6158725ba3105f03fd162ac58d15774de4870cf08d8210fe12ab743865"

[[package]]
name = "async-timeout"
version = "4.0.3"
requires_python = ">=3.7"
summary = "Timeout context manager for asyncio programs"
groups = ["default"]
marker = "python_version < \"3.12.0\""
files = [
    {file = "async-timeout-4.0.3.tar.gz", hash = "sha256:4640d96be84d82d02ed59ea2b7105a0f7b33abe8703703cd0ab0bf87c427522f"},
    {file = "async_timeout-4.0.3-py3-none-any.whl", hash = "sha256:7405140ff1230c310e51dc27b3145b9092d659ce68ff733fb0cefe3ee42be028"},
]

[[package]]
name = "asyncpg"
version = "0.29.0"
requires_python = ">=3.8.0"
summary = "An asyncio PostgreSQL driver"
groups = ["default"]
dependencies = [
    "async-timeout>=4.0.3; python_version < \"3.12.0\"",
]
files = [
    {file = "asyncpg-0.29.0-cp38-cp38-macosx_10_9_x86_64.whl", hash = "sha256:0009a300cae37b8c525e5b449233d59cd9868fd35431abc470a3e364d2b85cb9"},
    {file = "asyncpg-0.29.0-cp38-cp38-macosx_11_0_arm64.whl", hash = "sha256:5cad1324dbb33f3ca0cd2074d5114354ed3be2b94d48ddfd88af75ebda7c43cc"},
    {file = "asyncpg-0.29.0-cp38-cp38-manylinux_2_17_aarch64.manylinux2014_aarch64.whl", hash = "sha256:012d01df61e009015944ac7543d6ee30c2dc1eb2f6b10b62a3f598beb6531548"},
    {file = "asyncpg-0.29.0-cp38-cp38-manylinux_2_17_x86_64.manylinux2014_x86_64.whl", hash = "sha256:000c996c53c04770798053e1730d34e30cb645ad95a63265aec82da9093d88e7"},
    {file = "asyncpg-0.29.0-cp38-cp38-musllinux_1_1_aarch64.whl", hash = "sha256:e0bfe9c4d3429706cf70d3249089de14d6a01192d617e9093a8e941fea8ee775"},
    {file = "asyncpg-0.29.0-cp38-cp38-musllinux_1_1_x86_64.whl", hash = "sha256:642a36eb41b6313ffa328e8a5c5c2b5bea6ee138546c9c3cf1bffaad8ee36dd9"},
    {file = "asyncpg-0.29.0-cp38-cp38-win32.whl", hash = "sha256:a921372bbd0aa3a5822dd0409da61b4cd50df89ae85150149f8c119f23e8c408"},
    {file = "asyncpg-0.29.0-cp38-cp38-win_amd64.whl", hash = "sha256:103aad2b92d1506700cbf51cd8bb5441e7e72e87a7b3a2ca4e32c840f051a6a3"},
    {file = "asyncpg-0.29.0.tar.gz", hash = "sha256:d1c49e1f44fffafd9a55e1a9b101590859d881d639ea2922516f5d9c512d354e"},
]
